// !$*UTF8*$!
{
	archiveVersion = 1;
	classes = {
	};
	objectVersion = 50;
	objects = {

/* Begin PBXBuildFile section */
		03053571218DFEAF0038D1D8 /* ColorScheme.swift in Sources */ = {isa = PBXBuildFile; fileRef = 03053570218DFEAF0038D1D8 /* ColorScheme.swift */; };
		0317DE9E214B5FA300E976E2 /* AppDelegate.swift in Sources */ = {isa = PBXBuildFile; fileRef = 0317DE9D214B5FA300E976E2 /* AppDelegate.swift */; };
		0317DEA9214B5FA300E976E2 /* Main.storyboard in Resources */ = {isa = PBXBuildFile; fileRef = 0317DEA7214B5FA300E976E2 /* Main.storyboard */; };
		0317DEAE214B5FA500E976E2 /* LaunchScreen.storyboard in Resources */ = {isa = PBXBuildFile; fileRef = 0317DEAC214B5FA500E976E2 /* LaunchScreen.storyboard */; };
		0317DEB9214B5FA500E976E2 /* Ballz1Tests.swift in Sources */ = {isa = PBXBuildFile; fileRef = 0317DEB8214B5FA500E976E2 /* Ballz1Tests.swift */; };
		0317DEC4214B5FA500E976E2 /* Ballz1UITests.swift in Sources */ = {isa = PBXBuildFile; fileRef = 0317DEC3214B5FA500E976E2 /* Ballz1UITests.swift */; };
		0317DED4214B6B7900E976E2 /* BallManager.swift in Sources */ = {isa = PBXBuildFile; fileRef = 0317DED3214B6B7900E976E2 /* BallManager.swift */; };
		0342D217216CEC8700FE5760 /* SpacerItem.swift in Sources */ = {isa = PBXBuildFile; fileRef = 0342D216216CEC8700FE5760 /* SpacerItem.swift */; };
		0342D21B216FEA3B00FE5760 /* Assets.xcassets in Resources */ = {isa = PBXBuildFile; fileRef = 0342D21A216FEA3B00FE5760 /* Assets.xcassets */; };
		037536B221B74F4800B62589 /* GameKit.framework in Frameworks */ = {isa = PBXBuildFile; fileRef = 037536B121B74F4800B62589 /* GameKit.framework */; };
		037536B421BB04CF00B62589 /* AdHandler.swift in Sources */ = {isa = PBXBuildFile; fileRef = 037536B321BB04CF00B62589 /* AdHandler.swift */; };
		037536BA21BC055500B62589 /* RewardAdViewController.swift in Sources */ = {isa = PBXBuildFile; fileRef = 037536B921BC055500B62589 /* RewardAdViewController.swift */; };
		03837346225EDE3900352EFB /* Review.swift in Sources */ = {isa = PBXBuildFile; fileRef = 03837345225EDE3900352EFB /* Review.swift */; };
		03B8B4F0216919DD00FFD589 /* GameMenuScene.swift in Sources */ = {isa = PBXBuildFile; fileRef = 03B8B4EF216919DD00FFD589 /* GameMenuScene.swift */; };
		03B8B4F221691A0100FFD589 /* ContinuousGameScene.swift in Sources */ = {isa = PBXBuildFile; fileRef = 03B8B4F121691A0100FFD589 /* ContinuousGameScene.swift */; };
		03B8B4F621691A2100FFD589 /* GameMenuController.swift in Sources */ = {isa = PBXBuildFile; fileRef = 03B8B4F521691A2100FFD589 /* GameMenuController.swift */; };
		03B8B4F821691A2D00FFD589 /* ContinuousGameController.swift in Sources */ = {isa = PBXBuildFile; fileRef = 03B8B4F721691A2D00FFD589 /* ContinuousGameController.swift */; };
		03B8B4FC21691A6000FFD589 /* GameMenuModel.swift in Sources */ = {isa = PBXBuildFile; fileRef = 03B8B4FB21691A6000FFD589 /* GameMenuModel.swift */; };
		03B8B4FE21691A7600FFD589 /* ContinousGameModel.swift in Sources */ = {isa = PBXBuildFile; fileRef = 03B8B4FD21691A7600FFD589 /* ContinousGameModel.swift */; };
		03B8B542216AB2B300FFD589 /* BrickBreak.storyboard in Resources */ = {isa = PBXBuildFile; fileRef = 03B8B541216AB2B300FFD589 /* BrickBreak.storyboard */; };
		03F4C93B217235DA00D38D84 /* StoneHitBlockItem.swift in Sources */ = {isa = PBXBuildFile; fileRef = 03F4C93A217235DA00D38D84 /* StoneHitBlockItem.swift */; };
		03F4C93D2172756000D38D84 /* BombItem.swift in Sources */ = {isa = PBXBuildFile; fileRef = 03F4C93C2172756000D38D84 /* BombItem.swift */; };
		03F9A4222151C37800206A84 /* ItemGenerator.swift in Sources */ = {isa = PBXBuildFile; fileRef = 03F9A4212151C37800206A84 /* ItemGenerator.swift */; };
		03F9A4242151C3D600206A84 /* Item.swift in Sources */ = {isa = PBXBuildFile; fileRef = 03F9A4232151C3D600206A84 /* Item.swift */; };
		03F9A4262151D34800206A84 /* BallItem.swift in Sources */ = {isa = PBXBuildFile; fileRef = 03F9A4252151D34800206A84 /* BallItem.swift */; };
		03F9A4282151D56700206A84 /* HitBlockItem.swift in Sources */ = {isa = PBXBuildFile; fileRef = 03F9A4272151D56700206A84 /* HitBlockItem.swift */; };
		03FC3BD3220F0A3000A7B991 /* Confetti.swift in Sources */ = {isa = PBXBuildFile; fileRef = 03FC3BD2220F0A3000A7B991 /* Confetti.swift */; };
		03FE968A225E10CE00E6C864 /* Fire.sks in Resources */ = {isa = PBXBuildFile; fileRef = 03FE9688225E10CE00E6C864 /* Fire.sks */; };
		03FE968B225E10CE00E6C864 /* Assets.xcassets in Resources */ = {isa = PBXBuildFile; fileRef = 03FE9689225E10CE00E6C864 /* Assets.xcassets */; };
		CDC5CFC1717920861940918B /* Pods_Ballz1.framework in Frameworks */ = {isa = PBXBuildFile; fileRef = A1A8F69CD9292C0D9344297C /* Pods_Ballz1.framework */; };
		F200B2E921EBA3DE00FE0FB6 /* LevelsGameController.swift in Sources */ = {isa = PBXBuildFile; fileRef = F200B2E821EBA3DE00FE0FB6 /* LevelsGameController.swift */; };
		F200B2EB21EBA4C100FE0FB6 /* LevelsGameScene.swift in Sources */ = {isa = PBXBuildFile; fileRef = F200B2EA21EBA4C100FE0FB6 /* LevelsGameScene.swift */; };
		F200B2ED21EBCA3900FE0FB6 /* LevelsGameModel.swift in Sources */ = {isa = PBXBuildFile; fileRef = F200B2EC21EBCA3900FE0FB6 /* LevelsGameModel.swift */; };
		F2677A7E216C3FFF00CE3FC0 /* BallProjection.swift in Sources */ = {isa = PBXBuildFile; fileRef = F2677A7D216C3FFF00CE3FC0 /* BallProjection.swift */; };
		F2F20380227CB932009298AB /* BallManagerTests.swift in Sources */ = {isa = PBXBuildFile; fileRef = F2F2037F227CB932009298AB /* BallManagerTests.swift */; };
/* End PBXBuildFile section */

/* Begin PBXContainerItemProxy section */
		0317DEB5214B5FA500E976E2 /* PBXContainerItemProxy */ = {
			isa = PBXContainerItemProxy;
			containerPortal = 0317DE92214B5FA300E976E2 /* Project object */;
			proxyType = 1;
			remoteGlobalIDString = 0317DE99214B5FA300E976E2;
			remoteInfo = Ballz1;
		};
		0317DEC0214B5FA500E976E2 /* PBXContainerItemProxy */ = {
			isa = PBXContainerItemProxy;
			containerPortal = 0317DE92214B5FA300E976E2 /* Project object */;
			proxyType = 1;
			remoteGlobalIDString = 0317DE99214B5FA300E976E2;
			remoteInfo = Ballz1;
		};
/* End PBXContainerItemProxy section */

/* Begin PBXFileReference section */
		03053570218DFEAF0038D1D8 /* ColorScheme.swift */ = {isa = PBXFileReference; lastKnownFileType = sourcecode.swift; path = ColorScheme.swift; sourceTree = "<group>"; };
		0317DE9A214B5FA300E976E2 /* Ballz1.app */ = {isa = PBXFileReference; explicitFileType = wrapper.application; includeInIndex = 0; path = Ballz1.app; sourceTree = BUILT_PRODUCTS_DIR; };
		0317DE9D214B5FA300E976E2 /* AppDelegate.swift */ = {isa = PBXFileReference; lastKnownFileType = sourcecode.swift; path = AppDelegate.swift; sourceTree = "<group>"; };
		0317DEA8214B5FA300E976E2 /* Base */ = {isa = PBXFileReference; lastKnownFileType = file.storyboard; name = Base; path = Base.lproj/Main.storyboard; sourceTree = "<group>"; };
		0317DEAD214B5FA500E976E2 /* Base */ = {isa = PBXFileReference; lastKnownFileType = file.storyboard; name = Base; path = Base.lproj/LaunchScreen.storyboard; sourceTree = "<group>"; };
		0317DEAF214B5FA500E976E2 /* Info.plist */ = {isa = PBXFileReference; lastKnownFileType = text.plist.xml; path = Info.plist; sourceTree = "<group>"; };
		0317DEB4214B5FA500E976E2 /* Ballz1Tests.xctest */ = {isa = PBXFileReference; explicitFileType = wrapper.cfbundle; includeInIndex = 0; path = Ballz1Tests.xctest; sourceTree = BUILT_PRODUCTS_DIR; };
		0317DEB8214B5FA500E976E2 /* Ballz1Tests.swift */ = {isa = PBXFileReference; lastKnownFileType = sourcecode.swift; path = Ballz1Tests.swift; sourceTree = "<group>"; };
		0317DEBA214B5FA500E976E2 /* Info.plist */ = {isa = PBXFileReference; lastKnownFileType = text.plist.xml; path = Info.plist; sourceTree = "<group>"; };
		0317DEBF214B5FA500E976E2 /* Ballz1UITests.xctest */ = {isa = PBXFileReference; explicitFileType = wrapper.cfbundle; includeInIndex = 0; path = Ballz1UITests.xctest; sourceTree = BUILT_PRODUCTS_DIR; };
		0317DEC3214B5FA500E976E2 /* Ballz1UITests.swift */ = {isa = PBXFileReference; lastKnownFileType = sourcecode.swift; path = Ballz1UITests.swift; sourceTree = "<group>"; };
		0317DEC5214B5FA500E976E2 /* Info.plist */ = {isa = PBXFileReference; lastKnownFileType = text.plist.xml; path = Info.plist; sourceTree = "<group>"; };
		0317DED3214B6B7900E976E2 /* BallManager.swift */ = {isa = PBXFileReference; lastKnownFileType = sourcecode.swift; path = BallManager.swift; sourceTree = "<group>"; };
		0342D216216CEC8700FE5760 /* SpacerItem.swift */ = {isa = PBXFileReference; lastKnownFileType = sourcecode.swift; path = SpacerItem.swift; sourceTree = "<group>"; };
		0342D21A216FEA3B00FE5760 /* Assets.xcassets */ = {isa = PBXFileReference; lastKnownFileType = folder.assetcatalog; path = Assets.xcassets; sourceTree = "<group>"; };
		037536B121B74F4800B62589 /* GameKit.framework */ = {isa = PBXFileReference; lastKnownFileType = wrapper.framework; name = GameKit.framework; path = System/Library/Frameworks/GameKit.framework; sourceTree = SDKROOT; };
		037536B321BB04CF00B62589 /* AdHandler.swift */ = {isa = PBXFileReference; lastKnownFileType = sourcecode.swift; path = AdHandler.swift; sourceTree = "<group>"; };
		037536B921BC055500B62589 /* RewardAdViewController.swift */ = {isa = PBXFileReference; lastKnownFileType = sourcecode.swift; path = RewardAdViewController.swift; sourceTree = "<group>"; };
		03837345225EDE3900352EFB /* Review.swift */ = {isa = PBXFileReference; lastKnownFileType = sourcecode.swift; path = Review.swift; sourceTree = "<group>"; };
		03B8B4EF216919DD00FFD589 /* GameMenuScene.swift */ = {isa = PBXFileReference; lastKnownFileType = sourcecode.swift; path = GameMenuScene.swift; sourceTree = "<group>"; };
		03B8B4F121691A0100FFD589 /* ContinuousGameScene.swift */ = {isa = PBXFileReference; lastKnownFileType = sourcecode.swift; path = ContinuousGameScene.swift; sourceTree = "<group>"; };
		03B8B4F521691A2100FFD589 /* GameMenuController.swift */ = {isa = PBXFileReference; lastKnownFileType = sourcecode.swift; path = GameMenuController.swift; sourceTree = "<group>"; };
		03B8B4F721691A2D00FFD589 /* ContinuousGameController.swift */ = {isa = PBXFileReference; lastKnownFileType = sourcecode.swift; path = ContinuousGameController.swift; sourceTree = "<group>"; };
		03B8B4FB21691A6000FFD589 /* GameMenuModel.swift */ = {isa = PBXFileReference; lastKnownFileType = sourcecode.swift; path = GameMenuModel.swift; sourceTree = "<group>"; };
		03B8B4FD21691A7600FFD589 /* ContinousGameModel.swift */ = {isa = PBXFileReference; lastKnownFileType = sourcecode.swift; path = ContinousGameModel.swift; sourceTree = "<group>"; };
		03B8B541216AB2B300FFD589 /* BrickBreak.storyboard */ = {isa = PBXFileReference; lastKnownFileType = file.storyboard; path = BrickBreak.storyboard; sourceTree = "<group>"; };
		03F4C93A217235DA00D38D84 /* StoneHitBlockItem.swift */ = {isa = PBXFileReference; lastKnownFileType = sourcecode.swift; path = StoneHitBlockItem.swift; sourceTree = "<group>"; };
		03F4C93C2172756000D38D84 /* BombItem.swift */ = {isa = PBXFileReference; lastKnownFileType = sourcecode.swift; path = BombItem.swift; sourceTree = "<group>"; };
		03F9A4212151C37800206A84 /* ItemGenerator.swift */ = {isa = PBXFileReference; lastKnownFileType = sourcecode.swift; path = ItemGenerator.swift; sourceTree = "<group>"; };
		03F9A4232151C3D600206A84 /* Item.swift */ = {isa = PBXFileReference; lastKnownFileType = sourcecode.swift; path = Item.swift; sourceTree = "<group>"; };
		03F9A4252151D34800206A84 /* BallItem.swift */ = {isa = PBXFileReference; lastKnownFileType = sourcecode.swift; path = BallItem.swift; sourceTree = "<group>"; };
		03F9A4272151D56700206A84 /* HitBlockItem.swift */ = {isa = PBXFileReference; lastKnownFileType = sourcecode.swift; path = HitBlockItem.swift; sourceTree = "<group>"; };
		03FC3BD2220F0A3000A7B991 /* Confetti.swift */ = {isa = PBXFileReference; lastKnownFileType = sourcecode.swift; path = Confetti.swift; sourceTree = "<group>"; };
		03FE9688225E10CE00E6C864 /* Fire.sks */ = {isa = PBXFileReference; lastKnownFileType = file.sks; path = Fire.sks; sourceTree = "<group>"; };
		03FE9689225E10CE00E6C864 /* Assets.xcassets */ = {isa = PBXFileReference; lastKnownFileType = folder.assetcatalog; path = Assets.xcassets; sourceTree = "<group>"; };
		5224C89D7322FB64CBF5D166 /* Pods-Ballz1.debug.xcconfig */ = {isa = PBXFileReference; includeInIndex = 1; lastKnownFileType = text.xcconfig; name = "Pods-Ballz1.debug.xcconfig"; path = "Pods/Target Support Files/Pods-Ballz1/Pods-Ballz1.debug.xcconfig"; sourceTree = "<group>"; };
		A1A8F69CD9292C0D9344297C /* Pods_Ballz1.framework */ = {isa = PBXFileReference; explicitFileType = wrapper.framework; includeInIndex = 0; path = Pods_Ballz1.framework; sourceTree = BUILT_PRODUCTS_DIR; };
		ECEC017C6EB71AEF0022F501 /* Pods-Ballz1.release.xcconfig */ = {isa = PBXFileReference; includeInIndex = 1; lastKnownFileType = text.xcconfig; name = "Pods-Ballz1.release.xcconfig"; path = "Pods/Target Support Files/Pods-Ballz1/Pods-Ballz1.release.xcconfig"; sourceTree = "<group>"; };
		F200B2E821EBA3DE00FE0FB6 /* LevelsGameController.swift */ = {isa = PBXFileReference; lastKnownFileType = sourcecode.swift; path = LevelsGameController.swift; sourceTree = "<group>"; };
		F200B2EA21EBA4C100FE0FB6 /* LevelsGameScene.swift */ = {isa = PBXFileReference; lastKnownFileType = sourcecode.swift; path = LevelsGameScene.swift; sourceTree = "<group>"; };
		F200B2EC21EBCA3900FE0FB6 /* LevelsGameModel.swift */ = {isa = PBXFileReference; lastKnownFileType = sourcecode.swift; path = LevelsGameModel.swift; sourceTree = "<group>"; };
		F2677A7D216C3FFF00CE3FC0 /* BallProjection.swift */ = {isa = PBXFileReference; lastKnownFileType = sourcecode.swift; path = BallProjection.swift; sourceTree = "<group>"; };
		F2F2037F227CB932009298AB /* BallManagerTests.swift */ = {isa = PBXFileReference; lastKnownFileType = sourcecode.swift; path = BallManagerTests.swift; sourceTree = "<group>"; };
/* End PBXFileReference section */

/* Begin PBXFrameworksBuildPhase section */
		0317DE97214B5FA300E976E2 /* Frameworks */ = {
			isa = PBXFrameworksBuildPhase;
			buildActionMask = 2147483647;
			files = (
				037536B221B74F4800B62589 /* GameKit.framework in Frameworks */,
				CDC5CFC1717920861940918B /* Pods_Ballz1.framework in Frameworks */,
			);
			runOnlyForDeploymentPostprocessing = 0;
		};
		0317DEB1214B5FA500E976E2 /* Frameworks */ = {
			isa = PBXFrameworksBuildPhase;
			buildActionMask = 2147483647;
			files = (
			);
			runOnlyForDeploymentPostprocessing = 0;
		};
		0317DEBC214B5FA500E976E2 /* Frameworks */ = {
			isa = PBXFrameworksBuildPhase;
			buildActionMask = 2147483647;
			files = (
			);
			runOnlyForDeploymentPostprocessing = 0;
		};
/* End PBXFrameworksBuildPhase section */

/* Begin PBXGroup section */
		0317DE91214B5FA300E976E2 = {
			isa = PBXGroup;
			children = (
				0317DE9C214B5FA300E976E2 /* Ballz1 */,
				0317DEB7214B5FA500E976E2 /* Ballz1Tests */,
				0317DEC2214B5FA500E976E2 /* Ballz1UITests */,
				0317DE9B214B5FA300E976E2 /* Products */,
				03451B0521849AFD003033E2 /* Frameworks */,
				C4910B81F77A58A2AD371723 /* Pods */,
			);
			sourceTree = "<group>";
		};
		0317DE9B214B5FA300E976E2 /* Products */ = {
			isa = PBXGroup;
			children = (
				0317DE9A214B5FA300E976E2 /* Ballz1.app */,
				0317DEB4214B5FA500E976E2 /* Ballz1Tests.xctest */,
				0317DEBF214B5FA500E976E2 /* Ballz1UITests.xctest */,
			);
			name = Products;
			sourceTree = "<group>";
		};
		0317DE9C214B5FA300E976E2 /* Ballz1 */ = {
			isa = PBXGroup;
			children = (
				037536B321BB04CF00B62589 /* AdHandler.swift */,
				0317DE9D214B5FA300E976E2 /* AppDelegate.swift */,
				03F9A4272151D56700206A84 /* HitBlockItem.swift */,
				03F4C93A217235DA00D38D84 /* StoneHitBlockItem.swift */,
				03F4C93C2172756000D38D84 /* BombItem.swift */,
				03F9A4252151D34800206A84 /* BallItem.swift */,
				0342D216216CEC8700FE5760 /* SpacerItem.swift */,
				03F9A4232151C3D600206A84 /* Item.swift */,
				03F9A4212151C37800206A84 /* ItemGenerator.swift */,
				F2677A7D216C3FFF00CE3FC0 /* BallProjection.swift */,
				03053570218DFEAF0038D1D8 /* ColorScheme.swift */,
				03FC3BD2220F0A3000A7B991 /* Confetti.swift */,
				03837345225EDE3900352EFB /* Review.swift */,
				0317DEA7214B5FA300E976E2 /* Main.storyboard */,
				0317DEAC214B5FA500E976E2 /* LaunchScreen.storyboard */,
				0317DEAF214B5FA500E976E2 /* Info.plist */,
				0317DED3214B6B7900E976E2 /* BallManager.swift */,
				0342D21A216FEA3B00FE5760 /* Assets.xcassets */,
				03B8B4EE216919C600FFD589 /* Controllers */,
				03B8B4ED216919C000FFD589 /* Models */,
				03B8B4EC216919B400FFD589 /* Views */,
			);
			path = Ballz1;
			sourceTree = "<group>";
		};
		0317DEB7214B5FA500E976E2 /* Ballz1Tests */ = {
			isa = PBXGroup;
			children = (
				0317DEBA214B5FA500E976E2 /* Info.plist */,
				0317DEB8214B5FA500E976E2 /* Ballz1Tests.swift */,
				F2F2037F227CB932009298AB /* BallManagerTests.swift */,
			);
			path = Ballz1Tests;
			sourceTree = "<group>";
		};
		0317DEC2214B5FA500E976E2 /* Ballz1UITests */ = {
			isa = PBXGroup;
			children = (
				0317DEC3214B5FA500E976E2 /* Ballz1UITests.swift */,
				0317DEC5214B5FA500E976E2 /* Info.plist */,
			);
			path = Ballz1UITests;
			sourceTree = "<group>";
		};
		03451B0521849AFD003033E2 /* Frameworks */ = {
			isa = PBXGroup;
			children = (
				037536B121B74F4800B62589 /* GameKit.framework */,
				A1A8F69CD9292C0D9344297C /* Pods_Ballz1.framework */,
			);
			name = Frameworks;
			sourceTree = "<group>";
		};
		03B8B4EC216919B400FFD589 /* Views */ = {
			isa = PBXGroup;
			children = (
				03B8B541216AB2B300FFD589 /* BrickBreak.storyboard */,
				03B8B4EF216919DD00FFD589 /* GameMenuScene.swift */,
				03B8B4F121691A0100FFD589 /* ContinuousGameScene.swift */,
				F200B2EA21EBA4C100FE0FB6 /* LevelsGameScene.swift */,
			);
			path = Views;
			sourceTree = "<group>";
		};
		03B8B4ED216919C000FFD589 /* Models */ = {
			isa = PBXGroup;
			children = (
				03B8B4FB21691A6000FFD589 /* GameMenuModel.swift */,
				03B8B4FD21691A7600FFD589 /* ContinousGameModel.swift */,
				F200B2EC21EBCA3900FE0FB6 /* LevelsGameModel.swift */,
			);
			path = Models;
			sourceTree = "<group>";
		};
		03B8B4EE216919C600FFD589 /* Controllers */ = {
			isa = PBXGroup;
			children = (
				03FE9688225E10CE00E6C864 /* Fire.sks */,
				03B8B4F521691A2100FFD589 /* GameMenuController.swift */,
				03FE9689225E10CE00E6C864 /* Assets.xcassets */,
				03B8B4F721691A2D00FFD589 /* ContinuousGameController.swift */,
				F200B2E821EBA3DE00FE0FB6 /* LevelsGameController.swift */,
				037536B921BC055500B62589 /* RewardAdViewController.swift */,
			);
			path = Controllers;
			sourceTree = "<group>";
		};
		C4910B81F77A58A2AD371723 /* Pods */ = {
			isa = PBXGroup;
			children = (
				5224C89D7322FB64CBF5D166 /* Pods-Ballz1.debug.xcconfig */,
				ECEC017C6EB71AEF0022F501 /* Pods-Ballz1.release.xcconfig */,
			);
			name = Pods;
			sourceTree = "<group>";
		};
/* End PBXGroup section */

/* Begin PBXNativeTarget section */
		0317DE99214B5FA300E976E2 /* Ballz1 */ = {
			isa = PBXNativeTarget;
			buildConfigurationList = 0317DEC8214B5FA500E976E2 /* Build configuration list for PBXNativeTarget "Ballz1" */;
			buildPhases = (
				14C65A083A77E866E38ECE8B /* [CP] Check Pods Manifest.lock */,
				0317DE96214B5FA300E976E2 /* Sources */,
				0317DE97214B5FA300E976E2 /* Frameworks */,
				0317DE98214B5FA300E976E2 /* Resources */,
			);
			buildRules = (
			);
			dependencies = (
			);
			name = Ballz1;
			productName = Ballz1;
			productReference = 0317DE9A214B5FA300E976E2 /* Ballz1.app */;
			productType = "com.apple.product-type.application";
		};
		0317DEB3214B5FA500E976E2 /* Ballz1Tests */ = {
			isa = PBXNativeTarget;
			buildConfigurationList = 0317DECB214B5FA500E976E2 /* Build configuration list for PBXNativeTarget "Ballz1Tests" */;
			buildPhases = (
				0317DEB0214B5FA500E976E2 /* Sources */,
				0317DEB1214B5FA500E976E2 /* Frameworks */,
				0317DEB2214B5FA500E976E2 /* Resources */,
			);
			buildRules = (
			);
			dependencies = (
				0317DEB6214B5FA500E976E2 /* PBXTargetDependency */,
			);
			name = Ballz1Tests;
			productName = Ballz1Tests;
			productReference = 0317DEB4214B5FA500E976E2 /* Ballz1Tests.xctest */;
			productType = "com.apple.product-type.bundle.unit-test";
		};
		0317DEBE214B5FA500E976E2 /* Ballz1UITests */ = {
			isa = PBXNativeTarget;
			buildConfigurationList = 0317DECE214B5FA500E976E2 /* Build configuration list for PBXNativeTarget "Ballz1UITests" */;
			buildPhases = (
				0317DEBB214B5FA500E976E2 /* Sources */,
				0317DEBC214B5FA500E976E2 /* Frameworks */,
				0317DEBD214B5FA500E976E2 /* Resources */,
			);
			buildRules = (
			);
			dependencies = (
				0317DEC1214B5FA500E976E2 /* PBXTargetDependency */,
			);
			name = Ballz1UITests;
			productName = Ballz1UITests;
			productReference = 0317DEBF214B5FA500E976E2 /* Ballz1UITests.xctest */;
			productType = "com.apple.product-type.bundle.ui-testing";
		};
/* End PBXNativeTarget section */

/* Begin PBXProject section */
		0317DE92214B5FA300E976E2 /* Project object */ = {
			isa = PBXProject;
			attributes = {
				LastSwiftUpdateCheck = 1000;
				LastUpgradeCheck = 1000;
				ORGANIZATIONNAME = Self;
				TargetAttributes = {
					0317DE99214B5FA300E976E2 = {
						CreatedOnToolsVersion = 10.0;
						SystemCapabilities = {
							com.apple.GameCenter.iOS = {
								enabled = 1;
							};
						};
					};
					0317DEB3214B5FA500E976E2 = {
						CreatedOnToolsVersion = 10.0;
						TestTargetID = 0317DE99214B5FA300E976E2;
					};
					0317DEBE214B5FA500E976E2 = {
						CreatedOnToolsVersion = 10.0;
						TestTargetID = 0317DE99214B5FA300E976E2;
					};
				};
			};
			buildConfigurationList = 0317DE95214B5FA300E976E2 /* Build configuration list for PBXProject "Ballz1" */;
			compatibilityVersion = "Xcode 9.3";
			developmentRegion = en;
			hasScannedForEncodings = 0;
			knownRegions = (
				en,
				Base,
			);
			mainGroup = 0317DE91214B5FA300E976E2;
			productRefGroup = 0317DE9B214B5FA300E976E2 /* Products */;
			projectDirPath = "";
			projectRoot = "";
			targets = (
				0317DE99214B5FA300E976E2 /* Ballz1 */,
				0317DEB3214B5FA500E976E2 /* Ballz1Tests */,
				0317DEBE214B5FA500E976E2 /* Ballz1UITests */,
			);
		};
/* End PBXProject section */

/* Begin PBXResourcesBuildPhase section */
		0317DE98214B5FA300E976E2 /* Resources */ = {
			isa = PBXResourcesBuildPhase;
			buildActionMask = 2147483647;
			files = (
				0317DEA9214B5FA300E976E2 /* Main.storyboard in Resources */,
				03B8B542216AB2B300FFD589 /* BrickBreak.storyboard in Resources */,
				0342D21B216FEA3B00FE5760 /* Assets.xcassets in Resources */,
				03FE968A225E10CE00E6C864 /* Fire.sks in Resources */,
				03FE968B225E10CE00E6C864 /* Assets.xcassets in Resources */,
				0317DEAE214B5FA500E976E2 /* LaunchScreen.storyboard in Resources */,
			);
			runOnlyForDeploymentPostprocessing = 0;
		};
		0317DEB2214B5FA500E976E2 /* Resources */ = {
			isa = PBXResourcesBuildPhase;
			buildActionMask = 2147483647;
			files = (
			);
			runOnlyForDeploymentPostprocessing = 0;
		};
		0317DEBD214B5FA500E976E2 /* Resources */ = {
			isa = PBXResourcesBuildPhase;
			buildActionMask = 2147483647;
			files = (
			);
			runOnlyForDeploymentPostprocessing = 0;
		};
/* End PBXResourcesBuildPhase section */

/* Begin PBXShellScriptBuildPhase section */
		14C65A083A77E866E38ECE8B /* [CP] Check Pods Manifest.lock */ = {
			isa = PBXShellScriptBuildPhase;
			buildActionMask = 2147483647;
			files = (
			);
			inputFileListPaths = (
			);
			inputPaths = (
				"${PODS_PODFILE_DIR_PATH}/Podfile.lock",
				"${PODS_ROOT}/Manifest.lock",
			);
			name = "[CP] Check Pods Manifest.lock";
			outputFileListPaths = (
			);
			outputPaths = (
				"$(DERIVED_FILE_DIR)/Pods-Ballz1-checkManifestLockResult.txt",
			);
			runOnlyForDeploymentPostprocessing = 0;
			shellPath = /bin/sh;
			shellScript = "diff \"${PODS_PODFILE_DIR_PATH}/Podfile.lock\" \"${PODS_ROOT}/Manifest.lock\" > /dev/null\nif [ $? != 0 ] ; then\n    # print error to STDERR\n    echo \"error: The sandbox is not in sync with the Podfile.lock. Run 'pod install' or update your CocoaPods installation.\" >&2\n    exit 1\nfi\n# This output is used by Xcode 'outputs' to avoid re-running this script phase.\necho \"SUCCESS\" > \"${SCRIPT_OUTPUT_FILE_0}\"\n";
			showEnvVarsInLog = 0;
		};
/* End PBXShellScriptBuildPhase section */

/* Begin PBXSourcesBuildPhase section */
		0317DE96214B5FA300E976E2 /* Sources */ = {
			isa = PBXSourcesBuildPhase;
			buildActionMask = 2147483647;
			files = (
				037536BA21BC055500B62589 /* RewardAdViewController.swift in Sources */,
				03FC3BD3220F0A3000A7B991 /* Confetti.swift in Sources */,
				03F4C93D2172756000D38D84 /* BombItem.swift in Sources */,
				03F9A4282151D56700206A84 /* HitBlockItem.swift in Sources */,
				03B8B4F0216919DD00FFD589 /* GameMenuScene.swift in Sources */,
				03F9A4242151C3D600206A84 /* Item.swift in Sources */,
				03F4C93B217235DA00D38D84 /* StoneHitBlockItem.swift in Sources */,
				F200B2ED21EBCA3900FE0FB6 /* LevelsGameModel.swift in Sources */,
				F2677A7E216C3FFF00CE3FC0 /* BallProjection.swift in Sources */,
				F200B2EB21EBA4C100FE0FB6 /* LevelsGameScene.swift in Sources */,
				03F9A4222151C37800206A84 /* ItemGenerator.swift in Sources */,
				03F9A4262151D34800206A84 /* BallItem.swift in Sources */,
				03B8B4F821691A2D00FFD589 /* ContinuousGameController.swift in Sources */,
				03053571218DFEAF0038D1D8 /* ColorScheme.swift in Sources */,
				0317DED4214B6B7900E976E2 /* BallManager.swift in Sources */,
				03B8B4FC21691A6000FFD589 /* GameMenuModel.swift in Sources */,
				0317DE9E214B5FA300E976E2 /* AppDelegate.swift in Sources */,
				03837346225EDE3900352EFB /* Review.swift in Sources */,
				F200B2E921EBA3DE00FE0FB6 /* LevelsGameController.swift in Sources */,
				037536B421BB04CF00B62589 /* AdHandler.swift in Sources */,
				0342D217216CEC8700FE5760 /* SpacerItem.swift in Sources */,
				03B8B4F621691A2100FFD589 /* GameMenuController.swift in Sources */,
				03B8B4FE21691A7600FFD589 /* ContinousGameModel.swift in Sources */,
				03B8B4F221691A0100FFD589 /* ContinuousGameScene.swift in Sources */,
			);
			runOnlyForDeploymentPostprocessing = 0;
		};
		0317DEB0214B5FA500E976E2 /* Sources */ = {
			isa = PBXSourcesBuildPhase;
			buildActionMask = 2147483647;
			files = (
				F2F20380227CB932009298AB /* BallManagerTests.swift in Sources */,
				0317DEB9214B5FA500E976E2 /* Ballz1Tests.swift in Sources */,
			);
			runOnlyForDeploymentPostprocessing = 0;
		};
		0317DEBB214B5FA500E976E2 /* Sources */ = {
			isa = PBXSourcesBuildPhase;
			buildActionMask = 2147483647;
			files = (
				0317DEC4214B5FA500E976E2 /* Ballz1UITests.swift in Sources */,
			);
			runOnlyForDeploymentPostprocessing = 0;
		};
/* End PBXSourcesBuildPhase section */

/* Begin PBXTargetDependency section */
		0317DEB6214B5FA500E976E2 /* PBXTargetDependency */ = {
			isa = PBXTargetDependency;
			target = 0317DE99214B5FA300E976E2 /* Ballz1 */;
			targetProxy = 0317DEB5214B5FA500E976E2 /* PBXContainerItemProxy */;
		};
		0317DEC1214B5FA500E976E2 /* PBXTargetDependency */ = {
			isa = PBXTargetDependency;
			target = 0317DE99214B5FA300E976E2 /* Ballz1 */;
			targetProxy = 0317DEC0214B5FA500E976E2 /* PBXContainerItemProxy */;
		};
/* End PBXTargetDependency section */

/* Begin PBXVariantGroup section */
		0317DEA7214B5FA300E976E2 /* Main.storyboard */ = {
			isa = PBXVariantGroup;
			children = (
				0317DEA8214B5FA300E976E2 /* Base */,
			);
			name = Main.storyboard;
			sourceTree = "<group>";
		};
		0317DEAC214B5FA500E976E2 /* LaunchScreen.storyboard */ = {
			isa = PBXVariantGroup;
			children = (
				0317DEAD214B5FA500E976E2 /* Base */,
			);
			name = LaunchScreen.storyboard;
			sourceTree = "<group>";
		};
/* End PBXVariantGroup section */

/* Begin XCBuildConfiguration section */
		0317DEC6214B5FA500E976E2 /* Debug */ = {
			isa = XCBuildConfiguration;
			buildSettings = {
				ALWAYS_SEARCH_USER_PATHS = NO;
				CLANG_ANALYZER_NONNULL = YES;
				CLANG_ANALYZER_NUMBER_OBJECT_CONVERSION = YES_AGGRESSIVE;
				CLANG_CXX_LANGUAGE_STANDARD = "gnu++14";
				CLANG_CXX_LIBRARY = "libc++";
				CLANG_ENABLE_MODULES = YES;
				CLANG_ENABLE_OBJC_ARC = YES;
				CLANG_ENABLE_OBJC_WEAK = YES;
				CLANG_WARN_BLOCK_CAPTURE_AUTORELEASING = YES;
				CLANG_WARN_BOOL_CONVERSION = YES;
				CLANG_WARN_COMMA = YES;
				CLANG_WARN_CONSTANT_CONVERSION = YES;
				CLANG_WARN_DEPRECATED_OBJC_IMPLEMENTATIONS = YES;
				CLANG_WARN_DIRECT_OBJC_ISA_USAGE = YES_ERROR;
				CLANG_WARN_DOCUMENTATION_COMMENTS = YES;
				CLANG_WARN_EMPTY_BODY = YES;
				CLANG_WARN_ENUM_CONVERSION = YES;
				CLANG_WARN_INFINITE_RECURSION = YES;
				CLANG_WARN_INT_CONVERSION = YES;
				CLANG_WARN_NON_LITERAL_NULL_CONVERSION = YES;
				CLANG_WARN_OBJC_IMPLICIT_RETAIN_SELF = YES;
				CLANG_WARN_OBJC_LITERAL_CONVERSION = YES;
				CLANG_WARN_OBJC_ROOT_CLASS = YES_ERROR;
				CLANG_WARN_RANGE_LOOP_ANALYSIS = YES;
				CLANG_WARN_STRICT_PROTOTYPES = YES;
				CLANG_WARN_SUSPICIOUS_MOVE = YES;
				CLANG_WARN_UNGUARDED_AVAILABILITY = YES_AGGRESSIVE;
				CLANG_WARN_UNREACHABLE_CODE = YES;
				CLANG_WARN__DUPLICATE_METHOD_MATCH = YES;
				CODE_SIGN_IDENTITY = "iPhone Developer";
				COPY_PHASE_STRIP = NO;
				DEBUG_INFORMATION_FORMAT = dwarf;
				ENABLE_STRICT_OBJC_MSGSEND = YES;
				ENABLE_TESTABILITY = YES;
				GCC_C_LANGUAGE_STANDARD = gnu11;
				GCC_DYNAMIC_NO_PIC = NO;
				GCC_NO_COMMON_BLOCKS = YES;
				GCC_OPTIMIZATION_LEVEL = 0;
				GCC_PREPROCESSOR_DEFINITIONS = (
					"DEBUG=1",
					"$(inherited)",
				);
				GCC_WARN_64_TO_32_BIT_CONVERSION = YES;
				GCC_WARN_ABOUT_RETURN_TYPE = YES_ERROR;
				GCC_WARN_UNDECLARED_SELECTOR = YES;
				GCC_WARN_UNINITIALIZED_AUTOS = YES_AGGRESSIVE;
				GCC_WARN_UNUSED_FUNCTION = YES;
				GCC_WARN_UNUSED_VARIABLE = YES;
				IPHONEOS_DEPLOYMENT_TARGET = 12.0;
				MTL_ENABLE_DEBUG_INFO = INCLUDE_SOURCE;
				MTL_FAST_MATH = YES;
				ONLY_ACTIVE_ARCH = YES;
				SDKROOT = iphoneos;
				SWIFT_ACTIVE_COMPILATION_CONDITIONS = DEBUG;
				SWIFT_OPTIMIZATION_LEVEL = "-Onone";
			};
			name = Debug;
		};
		0317DEC7214B5FA500E976E2 /* Release */ = {
			isa = XCBuildConfiguration;
			buildSettings = {
				ALWAYS_SEARCH_USER_PATHS = NO;
				CLANG_ANALYZER_NONNULL = YES;
				CLANG_ANALYZER_NUMBER_OBJECT_CONVERSION = YES_AGGRESSIVE;
				CLANG_CXX_LANGUAGE_STANDARD = "gnu++14";
				CLANG_CXX_LIBRARY = "libc++";
				CLANG_ENABLE_MODULES = YES;
				CLANG_ENABLE_OBJC_ARC = YES;
				CLANG_ENABLE_OBJC_WEAK = YES;
				CLANG_WARN_BLOCK_CAPTURE_AUTORELEASING = YES;
				CLANG_WARN_BOOL_CONVERSION = YES;
				CLANG_WARN_COMMA = YES;
				CLANG_WARN_CONSTANT_CONVERSION = YES;
				CLANG_WARN_DEPRECATED_OBJC_IMPLEMENTATIONS = YES;
				CLANG_WARN_DIRECT_OBJC_ISA_USAGE = YES_ERROR;
				CLANG_WARN_DOCUMENTATION_COMMENTS = YES;
				CLANG_WARN_EMPTY_BODY = YES;
				CLANG_WARN_ENUM_CONVERSION = YES;
				CLANG_WARN_INFINITE_RECURSION = YES;
				CLANG_WARN_INT_CONVERSION = YES;
				CLANG_WARN_NON_LITERAL_NULL_CONVERSION = YES;
				CLANG_WARN_OBJC_IMPLICIT_RETAIN_SELF = YES;
				CLANG_WARN_OBJC_LITERAL_CONVERSION = YES;
				CLANG_WARN_OBJC_ROOT_CLASS = YES_ERROR;
				CLANG_WARN_RANGE_LOOP_ANALYSIS = YES;
				CLANG_WARN_STRICT_PROTOTYPES = YES;
				CLANG_WARN_SUSPICIOUS_MOVE = YES;
				CLANG_WARN_UNGUARDED_AVAILABILITY = YES_AGGRESSIVE;
				CLANG_WARN_UNREACHABLE_CODE = YES;
				CLANG_WARN__DUPLICATE_METHOD_MATCH = YES;
				CODE_SIGN_IDENTITY = "iPhone Developer";
				COPY_PHASE_STRIP = NO;
				DEBUG_INFORMATION_FORMAT = "dwarf-with-dsym";
				ENABLE_NS_ASSERTIONS = NO;
				ENABLE_STRICT_OBJC_MSGSEND = YES;
				GCC_C_LANGUAGE_STANDARD = gnu11;
				GCC_NO_COMMON_BLOCKS = YES;
				GCC_WARN_64_TO_32_BIT_CONVERSION = YES;
				GCC_WARN_ABOUT_RETURN_TYPE = YES_ERROR;
				GCC_WARN_UNDECLARED_SELECTOR = YES;
				GCC_WARN_UNINITIALIZED_AUTOS = YES_AGGRESSIVE;
				GCC_WARN_UNUSED_FUNCTION = YES;
				GCC_WARN_UNUSED_VARIABLE = YES;
				IPHONEOS_DEPLOYMENT_TARGET = 12.0;
				MTL_ENABLE_DEBUG_INFO = NO;
				MTL_FAST_MATH = YES;
				SDKROOT = iphoneos;
				SWIFT_COMPILATION_MODE = wholemodule;
				SWIFT_OPTIMIZATION_LEVEL = "-O";
				VALIDATE_PRODUCT = YES;
			};
			name = Release;
		};
		0317DEC9214B5FA500E976E2 /* Debug */ = {
			isa = XCBuildConfiguration;
			baseConfigurationReference = 5224C89D7322FB64CBF5D166 /* Pods-Ballz1.debug.xcconfig */;
			buildSettings = {
				ASSETCATALOG_COMPILER_APPICON_NAME = AppIcon;
				CODE_SIGN_STYLE = Automatic;
				DEVELOPMENT_TEAM = C23HH9N57S;
				INFOPLIST_FILE = Ballz1/Info.plist;
				IPHONEOS_DEPLOYMENT_TARGET = 11.0;
				LD_RUNPATH_SEARCH_PATHS = (
					"$(inherited)",
					"@executable_path/Frameworks",
				);
				PRODUCT_BUNDLE_IDENTIFIER = Self.BrickBreak;
				PRODUCT_NAME = "$(TARGET_NAME)";
				SWIFT_VERSION = 4.2;
				TARGETED_DEVICE_FAMILY = 1;
			};
			name = Debug;
		};
		0317DECA214B5FA500E976E2 /* Release */ = {
			isa = XCBuildConfiguration;
			baseConfigurationReference = ECEC017C6EB71AEF0022F501 /* Pods-Ballz1.release.xcconfig */;
			buildSettings = {
				ASSETCATALOG_COMPILER_APPICON_NAME = AppIcon;
				CODE_SIGN_STYLE = Automatic;
				DEVELOPMENT_TEAM = C23HH9N57S;
				INFOPLIST_FILE = Ballz1/Info.plist;
				IPHONEOS_DEPLOYMENT_TARGET = 11.0;
				LD_RUNPATH_SEARCH_PATHS = (
					"$(inherited)",
					"@executable_path/Frameworks",
				);
				PRODUCT_BUNDLE_IDENTIFIER = Self.BrickBreak;
				PRODUCT_NAME = "$(TARGET_NAME)";
				SWIFT_VERSION = 4.2;
				TARGETED_DEVICE_FAMILY = 1;
			};
			name = Release;
		};
		0317DECC214B5FA500E976E2 /* Debug */ = {
			isa = XCBuildConfiguration;
			buildSettings = {
				ALWAYS_EMBED_SWIFT_STANDARD_LIBRARIES = YES;
				BUNDLE_LOADER = "$(TEST_HOST)";
				CODE_SIGN_STYLE = Automatic;
				DEVELOPMENT_TEAM = C23HH9N57S;
				INFOPLIST_FILE = Ballz1Tests/Info.plist;
				LD_RUNPATH_SEARCH_PATHS = (
					"$(inherited)",
					"@executable_path/Frameworks",
					"@loader_path/Frameworks",
				);
				PRODUCT_BUNDLE_IDENTIFIER = Self.Ballz1Tests;
				PRODUCT_NAME = "$(TARGET_NAME)";
				SWIFT_VERSION = 4.2;
				TARGETED_DEVICE_FAMILY = "1,2";
				TEST_HOST = "$(BUILT_PRODUCTS_DIR)/Ballz1.app/Ballz1";
			};
			name = Debug;
		};
		0317DECD214B5FA500E976E2 /* Release */ = {
			isa = XCBuildConfiguration;
			buildSettings = {
				ALWAYS_EMBED_SWIFT_STANDARD_LIBRARIES = YES;
				BUNDLE_LOADER = "$(TEST_HOST)";
				CODE_SIGN_STYLE = Automatic;
				DEVELOPMENT_TEAM = C23HH9N57S;
				INFOPLIST_FILE = Ballz1Tests/Info.plist;
				LD_RUNPATH_SEARCH_PATHS = (
					"$(inherited)",
					"@executable_path/Frameworks",
					"@loader_path/Frameworks",
				);
				PRODUCT_BUNDLE_IDENTIFIER = Self.Ballz1Tests;
				PRODUCT_NAME = "$(TARGET_NAME)";
				SWIFT_VERSION = 4.2;
				TARGETED_DEVICE_FAMILY = "1,2";
				TEST_HOST = "$(BUILT_PRODUCTS_DIR)/Ballz1.app/Ballz1";
			};
			name = Release;
		};
		0317DECF214B5FA500E976E2 /* Debug */ = {
			isa = XCBuildConfiguration;
			buildSettings = {
				ALWAYS_EMBED_SWIFT_STANDARD_LIBRARIES = YES;
				CODE_SIGN_STYLE = Automatic;
				DEVELOPMENT_TEAM = C23HH9N57S;
				INFOPLIST_FILE = Ballz1UITests/Info.plist;
				LD_RUNPATH_SEARCH_PATHS = (
					"$(inherited)",
					"@executable_path/Frameworks",
					"@loader_path/Frameworks",
				);
				PRODUCT_BUNDLE_IDENTIFIER = Self.Ballz1UITests;
				PRODUCT_NAME = "$(TARGET_NAME)";
				SWIFT_VERSION = 4.2;
				TARGETED_DEVICE_FAMILY = "1,2";
				TEST_TARGET_NAME = Ballz1;
			};
			name = Debug;
		};
		0317DED0214B5FA500E976E2 /* Release */ = {
			isa = XCBuildConfiguration;
			buildSettings = {
				ALWAYS_EMBED_SWIFT_STANDARD_LIBRARIES = YES;
				CODE_SIGN_STYLE = Automatic;
				DEVELOPMENT_TEAM = C23HH9N57S;
				INFOPLIST_FILE = Ballz1UITests/Info.plist;
				LD_RUNPATH_SEARCH_PATHS = (
					"$(inherited)",
					"@executable_path/Frameworks",
					"@loader_path/Frameworks",
				);
				PRODUCT_BUNDLE_IDENTIFIER = Self.Ballz1UITests;
				PRODUCT_NAME = "$(TARGET_NAME)";
				SWIFT_VERSION = 4.2;
				TARGETED_DEVICE_FAMILY = "1,2";
				TEST_TARGET_NAME = Ballz1;
			};
			name = Release;
		};
/* End XCBuildConfiguration section */

/* Begin XCConfigurationList section */
		0317DE95214B5FA300E976E2 /* Build configuration list for PBXProject "Ballz1" */ = {
			isa = XCConfigurationList;
			buildConfigurations = (
				0317DEC6214B5FA500E976E2 /* Debug */,
				0317DEC7214B5FA500E976E2 /* Release */,
			);
			defaultConfigurationIsVisible = 0;
			defaultConfigurationName = Release;
		};
		0317DEC8214B5FA500E976E2 /* Build configuration list for PBXNativeTarget "Ballz1" */ = {
			isa = XCConfigurationList;
			buildConfigurations = (
				0317DEC9214B5FA500E976E2 /* Debug */,
				0317DECA214B5FA500E976E2 /* Release */,
			);
			defaultConfigurationIsVisible = 0;
			defaultConfigurationName = Release;
		};
		0317DECB214B5FA500E976E2 /* Build configuration list for PBXNativeTarget "Ballz1Tests" */ = {
			isa = XCConfigurationList;
			buildConfigurations = (
				0317DECC214B5FA500E976E2 /* Debug */,
				0317DECD214B5FA500E976E2 /* Release */,
			);
			defaultConfigurationIsVisible = 0;
			defaultConfigurationName = Release;
		};
		0317DECE214B5FA500E976E2 /* Build configuration list for PBXNativeTarget "Ballz1UITests" */ = {
			isa = XCConfigurationList;
			buildConfigurations = (
				0317DECF214B5FA500E976E2 /* Debug */,
				0317DED0214B5FA500E976E2 /* Release */,
			);
			defaultConfigurationIsVisible = 0;
			defaultConfigurationName = Release;
		};
/* End XCConfigurationList section */
	};
	rootObject = 0317DE92214B5FA300E976E2 /* Project object */;
}
