// !$*UTF8*$!
{
	archiveVersion = 1;
	classes = {
	};
	objectVersion = 50;
	objects = {

/* Begin PBXBuildFile section */
		0317DE9E214B5FA300E976E2 /* AppDelegate.swift in Sources */ = {isa = PBXBuildFile; fileRef = 0317DE9D214B5FA300E976E2 /* AppDelegate.swift */; };
		0317DEA4214B5FA300E976E2 /* GameScene.swift in Sources */ = {isa = PBXBuildFile; fileRef = 0317DEA3214B5FA300E976E2 /* GameScene.swift */; };
		0317DEA6214B5FA300E976E2 /* GameViewController.swift in Sources */ = {isa = PBXBuildFile; fileRef = 0317DEA5214B5FA300E976E2 /* GameViewController.swift */; };
		0317DEA9214B5FA300E976E2 /* Main.storyboard in Resources */ = {isa = PBXBuildFile; fileRef = 0317DEA7214B5FA300E976E2 /* Main.storyboard */; };
		0317DEAB214B5FA500E976E2 /* Assets.xcassets in Resources */ = {isa = PBXBuildFile; fileRef = 0317DEAA214B5FA500E976E2 /* Assets.xcassets */; };
		0317DEAE214B5FA500E976E2 /* LaunchScreen.storyboard in Resources */ = {isa = PBXBuildFile; fileRef = 0317DEAC214B5FA500E976E2 /* LaunchScreen.storyboard */; };
		0317DEB9214B5FA500E976E2 /* Ballz1Tests.swift in Sources */ = {isa = PBXBuildFile; fileRef = 0317DEB8214B5FA500E976E2 /* Ballz1Tests.swift */; };
		0317DEC4214B5FA500E976E2 /* Ballz1UITests.swift in Sources */ = {isa = PBXBuildFile; fileRef = 0317DEC3214B5FA500E976E2 /* Ballz1UITests.swift */; };
		0317DED2214B679500E976E2 /* Ball.swift in Sources */ = {isa = PBXBuildFile; fileRef = 0317DED1214B679500E976E2 /* Ball.swift */; };
		0317DED4214B6B7900E976E2 /* BallManager.swift in Sources */ = {isa = PBXBuildFile; fileRef = 0317DED3214B6B7900E976E2 /* BallManager.swift */; };
		032A60EC214D87D0005C1D9D /* Block.swift in Sources */ = {isa = PBXBuildFile; fileRef = 032A60EB214D87D0005C1D9D /* Block.swift */; };
		032A60EE214D8A9C005C1D9D /* BlockGenerator.swift in Sources */ = {isa = PBXBuildFile; fileRef = 032A60ED214D8A9C005C1D9D /* BlockGenerator.swift */; };
		039193BB214F6105008F0E46 /* BlockColor.swift in Sources */ = {isa = PBXBuildFile; fileRef = 039193BA214F6105008F0E46 /* BlockColor.swift */; };
		03AE1FC82156E5F0002CEB3F /* Color.swift in Sources */ = {isa = PBXBuildFile; fileRef = 03AE1FC72156E5F0002CEB3F /* Color.swift */; };
		03F9A4222151C37800206A84 /* ItemGenerator.swift in Sources */ = {isa = PBXBuildFile; fileRef = 03F9A4212151C37800206A84 /* ItemGenerator.swift */; };
		03F9A4242151C3D600206A84 /* Item.swift in Sources */ = {isa = PBXBuildFile; fileRef = 03F9A4232151C3D600206A84 /* Item.swift */; };
		03F9A4262151D34800206A84 /* BallItem.swift in Sources */ = {isa = PBXBuildFile; fileRef = 03F9A4252151D34800206A84 /* BallItem.swift */; };
		03F9A4282151D56700206A84 /* HitBlockItem.swift in Sources */ = {isa = PBXBuildFile; fileRef = 03F9A4272151D56700206A84 /* HitBlockItem.swift */; };
/* End PBXBuildFile section */

/* Begin PBXContainerItemProxy section */
		0317DEB5214B5FA500E976E2 /* PBXContainerItemProxy */ = {
			isa = PBXContainerItemProxy;
			containerPortal = 0317DE92214B5FA300E976E2 /* Project object */;
			proxyType = 1;
			remoteGlobalIDString = 0317DE99214B5FA300E976E2;
			remoteInfo = Ballz1;
		};
		0317DEC0214B5FA500E976E2 /* PBXContainerItemProxy */ = {
			isa = PBXContainerItemProxy;
			containerPortal = 0317DE92214B5FA300E976E2 /* Project object */;
			proxyType = 1;
			remoteGlobalIDString = 0317DE99214B5FA300E976E2;
			remoteInfo = Ballz1;
		};
/* End PBXContainerItemProxy section */

/* Begin PBXFileReference section */
		0317DE9A214B5FA300E976E2 /* Ballz1.app */ = {isa = PBXFileReference; explicitFileType = wrapper.application; includeInIndex = 0; path = Ballz1.app; sourceTree = BUILT_PRODUCTS_DIR; };
		0317DE9D214B5FA300E976E2 /* AppDelegate.swift */ = {isa = PBXFileReference; lastKnownFileType = sourcecode.swift; path = AppDelegate.swift; sourceTree = "<group>"; };
		0317DEA3214B5FA300E976E2 /* GameScene.swift */ = {isa = PBXFileReference; lastKnownFileType = sourcecode.swift; path = GameScene.swift; sourceTree = "<group>"; };
		0317DEA5214B5FA300E976E2 /* GameViewController.swift */ = {isa = PBXFileReference; lastKnownFileType = sourcecode.swift; path = GameViewController.swift; sourceTree = "<group>"; };
		0317DEA8214B5FA300E976E2 /* Base */ = {isa = PBXFileReference; lastKnownFileType = file.storyboard; name = Base; path = Base.lproj/Main.storyboard; sourceTree = "<group>"; };
		0317DEAA214B5FA500E976E2 /* Assets.xcassets */ = {isa = PBXFileReference; lastKnownFileType = folder.assetcatalog; path = Assets.xcassets; sourceTree = "<group>"; };
		0317DEAD214B5FA500E976E2 /* Base */ = {isa = PBXFileReference; lastKnownFileType = file.storyboard; name = Base; path = Base.lproj/LaunchScreen.storyboard; sourceTree = "<group>"; };
		0317DEAF214B5FA500E976E2 /* Info.plist */ = {isa = PBXFileReference; lastKnownFileType = text.plist.xml; path = Info.plist; sourceTree = "<group>"; };
		0317DEB4214B5FA500E976E2 /* Ballz1Tests.xctest */ = {isa = PBXFileReference; explicitFileType = wrapper.cfbundle; includeInIndex = 0; path = Ballz1Tests.xctest; sourceTree = BUILT_PRODUCTS_DIR; };
		0317DEB8214B5FA500E976E2 /* Ballz1Tests.swift */ = {isa = PBXFileReference; lastKnownFileType = sourcecode.swift; path = Ballz1Tests.swift; sourceTree = "<group>"; };
		0317DEBA214B5FA500E976E2 /* Info.plist */ = {isa = PBXFileReference; lastKnownFileType = text.plist.xml; path = Info.plist; sourceTree = "<group>"; };
		0317DEBF214B5FA500E976E2 /* Ballz1UITests.xctest */ = {isa = PBXFileReference; explicitFileType = wrapper.cfbundle; includeInIndex = 0; path = Ballz1UITests.xctest; sourceTree = BUILT_PRODUCTS_DIR; };
		0317DEC3214B5FA500E976E2 /* Ballz1UITests.swift */ = {isa = PBXFileReference; lastKnownFileType = sourcecode.swift; path = Ballz1UITests.swift; sourceTree = "<group>"; };
		0317DEC5214B5FA500E976E2 /* Info.plist */ = {isa = PBXFileReference; lastKnownFileType = text.plist.xml; path = Info.plist; sourceTree = "<group>"; };
		0317DED1214B679500E976E2 /* Ball.swift */ = {isa = PBXFileReference; lastKnownFileType = sourcecode.swift; path = Ball.swift; sourceTree = "<group>"; };
		0317DED3214B6B7900E976E2 /* BallManager.swift */ = {isa = PBXFileReference; lastKnownFileType = sourcecode.swift; path = BallManager.swift; sourceTree = "<group>"; };
		032A60EB214D87D0005C1D9D /* Block.swift */ = {isa = PBXFileReference; lastKnownFileType = sourcecode.swift; path = Block.swift; sourceTree = "<group>"; };
		032A60ED214D8A9C005C1D9D /* BlockGenerator.swift */ = {isa = PBXFileReference; lastKnownFileType = sourcecode.swift; path = BlockGenerator.swift; sourceTree = "<group>"; };
		039193BA214F6105008F0E46 /* BlockColor.swift */ = {isa = PBXFileReference; lastKnownFileType = sourcecode.swift; path = BlockColor.swift; sourceTree = "<group>"; };
		03AE1FC72156E5F0002CEB3F /* Color.swift */ = {isa = PBXFileReference; lastKnownFileType = sourcecode.swift; path = Color.swift; sourceTree = "<group>"; };
		03F9A4212151C37800206A84 /* ItemGenerator.swift */ = {isa = PBXFileReference; lastKnownFileType = sourcecode.swift; path = ItemGenerator.swift; sourceTree = "<group>"; };
		03F9A4232151C3D600206A84 /* Item.swift */ = {isa = PBXFileReference; lastKnownFileType = sourcecode.swift; path = Item.swift; sourceTree = "<group>"; };
		03F9A4252151D34800206A84 /* BallItem.swift */ = {isa = PBXFileReference; lastKnownFileType = sourcecode.swift; path = BallItem.swift; sourceTree = "<group>"; };
		03F9A4272151D56700206A84 /* HitBlockItem.swift */ = {isa = PBXFileReference; lastKnownFileType = sourcecode.swift; path = HitBlockItem.swift; sourceTree = "<group>"; };
/* End PBXFileReference section */

/* Begin PBXFrameworksBuildPhase section */
		0317DE97214B5FA300E976E2 /* Frameworks */ = {
			isa = PBXFrameworksBuildPhase;
			buildActionMask = 2147483647;
			files = (
			);
			runOnlyForDeploymentPostprocessing = 0;
		};
		0317DEB1214B5FA500E976E2 /* Frameworks */ = {
			isa = PBXFrameworksBuildPhase;
			buildActionMask = 2147483647;
			files = (
			);
			runOnlyForDeploymentPostprocessing = 0;
		};
		0317DEBC214B5FA500E976E2 /* Frameworks */ = {
			isa = PBXFrameworksBuildPhase;
			buildActionMask = 2147483647;
			files = (
			);
			runOnlyForDeploymentPostprocessing = 0;
		};
/* End PBXFrameworksBuildPhase section */

/* Begin PBXGroup section */
		0317DE91214B5FA300E976E2 = {
			isa = PBXGroup;
			children = (
				0317DE9C214B5FA300E976E2 /* Ballz1 */,
				0317DEB7214B5FA500E976E2 /* Ballz1Tests */,
				0317DEC2214B5FA500E976E2 /* Ballz1UITests */,
				0317DE9B214B5FA300E976E2 /* Products */,
			);
			sourceTree = "<group>";
		};
		0317DE9B214B5FA300E976E2 /* Products */ = {
			isa = PBXGroup;
			children = (
				0317DE9A214B5FA300E976E2 /* Ballz1.app */,
				0317DEB4214B5FA500E976E2 /* Ballz1Tests.xctest */,
				0317DEBF214B5FA500E976E2 /* Ballz1UITests.xctest */,
			);
			name = Products;
			sourceTree = "<group>";
		};
		0317DE9C214B5FA300E976E2 /* Ballz1 */ = {
			isa = PBXGroup;
			children = (
				0317DE9D214B5FA300E976E2 /* AppDelegate.swift */,
				0317DED1214B679500E976E2 /* Ball.swift */,
				03F9A4252151D34800206A84 /* BallItem.swift */,
				0317DED3214B6B7900E976E2 /* BallManager.swift */,
				032A60EB214D87D0005C1D9D /* Block.swift */,
				03F9A4272151D56700206A84 /* HitBlockItem.swift */,
				039193BA214F6105008F0E46 /* BlockColor.swift */,
				032A60ED214D8A9C005C1D9D /* BlockGenerator.swift */,
				03F9A4232151C3D600206A84 /* Item.swift */,
				03F9A4212151C37800206A84 /* ItemGenerator.swift */,
				0317DEA3214B5FA300E976E2 /* GameScene.swift */,
				03AE1FC72156E5F0002CEB3F /* Color.swift */,
				0317DEA5214B5FA300E976E2 /* GameViewController.swift */,
				0317DEA7214B5FA300E976E2 /* Main.storyboard */,
				0317DEAA214B5FA500E976E2 /* Assets.xcassets */,
				0317DEAC214B5FA500E976E2 /* LaunchScreen.storyboard */,
				0317DEAF214B5FA500E976E2 /* Info.plist */,
			);
			path = Ballz1;
			sourceTree = "<group>";
		};
		0317DEB7214B5FA500E976E2 /* Ballz1Tests */ = {
			isa = PBXGroup;
			children = (
				0317DEB8214B5FA500E976E2 /* Ballz1Tests.swift */,
				0317DEBA214B5FA500E976E2 /* Info.plist */,
			);
			path = Ballz1Tests;
			sourceTree = "<group>";
		};
		0317DEC2214B5FA500E976E2 /* Ballz1UITests */ = {
			isa = PBXGroup;
			children = (
				0317DEC3214B5FA500E976E2 /* Ballz1UITests.swift */,
				0317DEC5214B5FA500E976E2 /* Info.plist */,
			);
			path = Ballz1UITests;
			sourceTree = "<group>";
		};
/* End PBXGroup section */

/* Begin PBXNativeTarget section */
		0317DE99214B5FA300E976E2 /* Ballz1 */ = {
			isa = PBXNativeTarget;
			buildConfigurationList = 0317DEC8214B5FA500E976E2 /* Build configuration list for PBXNativeTarget "Ballz1" */;
			buildPhases = (
				0317DE96214B5FA300E976E2 /* Sources */,
				0317DE97214B5FA300E976E2 /* Frameworks */,
				0317DE98214B5FA300E976E2 /* Resources */,
			);
			buildRules = (
			);
			dependencies = (
			);
			name = Ballz1;
			productName = Ballz1;
			productReference = 0317DE9A214B5FA300E976E2 /* Ballz1.app */;
			productType = "com.apple.product-type.application";
		};
		0317DEB3214B5FA500E976E2 /* Ballz1Tests */ = {
			isa = PBXNativeTarget;
			buildConfigurationList = 0317DECB214B5FA500E976E2 /* Build configuration list for PBXNativeTarget "Ballz1Tests" */;
			buildPhases = (
				0317DEB0214B5FA500E976E2 /* Sources */,
				0317DEB1214B5FA500E976E2 /* Frameworks */,
				0317DEB2214B5FA500E976E2 /* Resources */,
			);
			buildRules = (
			);
			dependencies = (
				0317DEB6214B5FA500E976E2 /* PBXTargetDependency */,
			);
			name = Ballz1Tests;
			productName = Ballz1Tests;
			productReference = 0317DEB4214B5FA500E976E2 /* Ballz1Tests.xctest */;
			productType = "com.apple.product-type.bundle.unit-test";
		};
		0317DEBE214B5FA500E976E2 /* Ballz1UITests */ = {
			isa = PBXNativeTarget;
			buildConfigurationList = 0317DECE214B5FA500E976E2 /* Build configuration list for PBXNativeTarget "Ballz1UITests" */;
			buildPhases = (
				0317DEBB214B5FA500E976E2 /* Sources */,
				0317DEBC214B5FA500E976E2 /* Frameworks */,
				0317DEBD214B5FA500E976E2 /* Resources */,
			);
			buildRules = (
			);
			dependencies = (
				0317DEC1214B5FA500E976E2 /* PBXTargetDependency */,
			);
			name = Ballz1UITests;
			productName = Ballz1UITests;
			productReference = 0317DEBF214B5FA500E976E2 /* Ballz1UITests.xctest */;
			productType = "com.apple.product-type.bundle.ui-testing";
		};
/* End PBXNativeTarget section */

/* Begin PBXProject section */
		0317DE92214B5FA300E976E2 /* Project object */ = {
			isa = PBXProject;
			attributes = {
				LastSwiftUpdateCheck = 1000;
				LastUpgradeCheck = 1000;
				ORGANIZATIONNAME = Self;
				TargetAttributes = {
					0317DE99214B5FA300E976E2 = {
						CreatedOnToolsVersion = 10.0;
					};
					0317DEB3214B5FA500E976E2 = {
						CreatedOnToolsVersion = 10.0;
						TestTargetID = 0317DE99214B5FA300E976E2;
					};
					0317DEBE214B5FA500E976E2 = {
						CreatedOnToolsVersion = 10.0;
						TestTargetID = 0317DE99214B5FA300E976E2;
					};
				};
			};
			buildConfigurationList = 0317DE95214B5FA300E976E2 /* Build configuration list for PBXProject "Ballz1" */;
			compatibilityVersion = "Xcode 9.3";
			developmentRegion = en;
			hasScannedForEncodings = 0;
			knownRegions = (
				en,
				Base,
			);
			mainGroup = 0317DE91214B5FA300E976E2;
			productRefGroup = 0317DE9B214B5FA300E976E2 /* Products */;
			projectDirPath = "";
			projectRoot = "";
			targets = (
				0317DE99214B5FA300E976E2 /* Ballz1 */,
				0317DEB3214B5FA500E976E2 /* Ballz1Tests */,
				0317DEBE214B5FA500E976E2 /* Ballz1UITests */,
			);
		};
/* End PBXProject section */

/* Begin PBXResourcesBuildPhase section */
		0317DE98214B5FA300E976E2 /* Resources */ = {
			isa = PBXResourcesBuildPhase;
			buildActionMask = 2147483647;
			files = (
				0317DEA9214B5FA300E976E2 /* Main.storyboard in Resources */,
				0317DEAB214B5FA500E976E2 /* Assets.xcassets in Resources */,
				0317DEAE214B5FA500E976E2 /* LaunchScreen.storyboard in Resources */,
			);
			runOnlyForDeploymentPostprocessing = 0;
		};
		0317DEB2214B5FA500E976E2 /* Resources */ = {
			isa = PBXResourcesBuildPhase;
			buildActionMask = 2147483647;
			files = (
			);
			runOnlyForDeploymentPostprocessing = 0;
		};
		0317DEBD214B5FA500E976E2 /* Resources */ = {
			isa = PBXResourcesBuildPhase;
			buildActionMask = 2147483647;
			files = (
			);
			runOnlyForDeploymentPostprocessing = 0;
		};
/* End PBXResourcesBuildPhase section */

/* Begin PBXSourcesBuildPhase section */
		0317DE96214B5FA300E976E2 /* Sources */ = {
			isa = PBXSourcesBuildPhase;
			buildActionMask = 2147483647;
			files = (
				03F9A4282151D56700206A84 /* HitBlockItem.swift in Sources */,
				03F9A4242151C3D600206A84 /* Item.swift in Sources */,
				0317DED2214B679500E976E2 /* Ball.swift in Sources */,
				032A60EE214D8A9C005C1D9D /* BlockGenerator.swift in Sources */,
				03AE1FC82156E5F0002CEB3F /* Color.swift in Sources */,
				03F9A4222151C37800206A84 /* ItemGenerator.swift in Sources */,
				0317DEA4214B5FA300E976E2 /* GameScene.swift in Sources */,
				03F9A4262151D34800206A84 /* BallItem.swift in Sources */,
				0317DED4214B6B7900E976E2 /* BallManager.swift in Sources */,
				032A60EC214D87D0005C1D9D /* Block.swift in Sources */,
				039193BB214F6105008F0E46 /* BlockColor.swift in Sources */,
				0317DEA6214B5FA300E976E2 /* GameViewController.swift in Sources */,
				0317DE9E214B5FA300E976E2 /* AppDelegate.swift in Sources */,
			);
			runOnlyForDeploymentPostprocessing = 0;
		};
		0317DEB0214B5FA500E976E2 /* Sources */ = {
			isa = PBXSourcesBuildPhase;
			buildActionMask = 2147483647;
			files = (
				0317DEB9214B5FA500E976E2 /* Ballz1Tests.swift in Sources */,
			);
			runOnlyForDeploymentPostprocessing = 0;
		};
		0317DEBB214B5FA500E976E2 /* Sources */ = {
			isa = PBXSourcesBuildPhase;
			buildActionMask = 2147483647;
			files = (
				0317DEC4214B5FA500E976E2 /* Ballz1UITests.swift in Sources */,
			);
			runOnlyForDeploymentPostprocessing = 0;
		};
/* End PBXSourcesBuildPhase section */

/* Begin PBXTargetDependency section */
		0317DEB6214B5FA500E976E2 /* PBXTargetDependency */ = {
			isa = PBXTargetDependency;
			target = 0317DE99214B5FA300E976E2 /* Ballz1 */;
			targetProxy = 0317DEB5214B5FA500E976E2 /* PBXContainerItemProxy */;
		};
		0317DEC1214B5FA500E976E2 /* PBXTargetDependency */ = {
			isa = PBXTargetDependency;
			target = 0317DE99214B5FA300E976E2 /* Ballz1 */;
			targetProxy = 0317DEC0214B5FA500E976E2 /* PBXContainerItemProxy */;
		};
/* End PBXTargetDependency section */

/* Begin PBXVariantGroup section */
		0317DEA7214B5FA300E976E2 /* Main.storyboard */ = {
			isa = PBXVariantGroup;
			children = (
				0317DEA8214B5FA300E976E2 /* Base */,
			);
			name = Main.storyboard;
			sourceTree = "<group>";
		};
		0317DEAC214B5FA500E976E2 /* LaunchScreen.storyboard */ = {
			isa = PBXVariantGroup;
			children = (
				0317DEAD214B5FA500E976E2 /* Base */,
			);
			name = LaunchScreen.storyboard;
			sourceTree = "<group>";
		};
/* End PBXVariantGroup section */

/* Begin XCBuildConfiguration section */
		0317DEC6214B5FA500E976E2 /* Debug */ = {
			isa = XCBuildConfiguration;
			buildSettings = {
				ALWAYS_SEARCH_USER_PATHS = NO;
				CLANG_ANALYZER_NONNULL = YES;
				CLANG_ANALYZER_NUMBER_OBJECT_CONVERSION = YES_AGGRESSIVE;
				CLANG_CXX_LANGUAGE_STANDARD = "gnu++14";
				CLANG_CXX_LIBRARY = "libc++";
				CLANG_ENABLE_MODULES = YES;
				CLANG_ENABLE_OBJC_ARC = YES;
				CLANG_ENABLE_OBJC_WEAK = YES;
				CLANG_WARN_BLOCK_CAPTURE_AUTORELEASING = YES;
				CLANG_WARN_BOOL_CONVERSION = YES;
				CLANG_WARN_COMMA = YES;
				CLANG_WARN_CONSTANT_CONVERSION = YES;
				CLANG_WARN_DEPRECATED_OBJC_IMPLEMENTATIONS = YES;
				CLANG_WARN_DIRECT_OBJC_ISA_USAGE = YES_ERROR;
				CLANG_WARN_DOCUMENTATION_COMMENTS = YES;
				CLANG_WARN_EMPTY_BODY = YES;
				CLANG_WARN_ENUM_CONVERSION = YES;
				CLANG_WARN_INFINITE_RECURSION = YES;
				CLANG_WARN_INT_CONVERSION = YES;
				CLANG_WARN_NON_LITERAL_NULL_CONVERSION = YES;
				CLANG_WARN_OBJC_IMPLICIT_RETAIN_SELF = YES;
				CLANG_WARN_OBJC_LITERAL_CONVERSION = YES;
				CLANG_WARN_OBJC_ROOT_CLASS = YES_ERROR;
				CLANG_WARN_RANGE_LOOP_ANALYSIS = YES;
				CLANG_WARN_STRICT_PROTOTYPES = YES;
				CLANG_WARN_SUSPICIOUS_MOVE = YES;
				CLANG_WARN_UNGUARDED_AVAILABILITY = YES_AGGRESSIVE;
				CLANG_WARN_UNREACHABLE_CODE = YES;
				CLANG_WARN__DUPLICATE_METHOD_MATCH = YES;
				CODE_SIGN_IDENTITY = "iPhone Developer";
				COPY_PHASE_STRIP = NO;
				DEBUG_INFORMATION_FORMAT = dwarf;
				ENABLE_STRICT_OBJC_MSGSEND = YES;
				ENABLE_TESTABILITY = YES;
				GCC_C_LANGUAGE_STANDARD = gnu11;
				GCC_DYNAMIC_NO_PIC = NO;
				GCC_NO_COMMON_BLOCKS = YES;
				GCC_OPTIMIZATION_LEVEL = 0;
				GCC_PREPROCESSOR_DEFINITIONS = (
					"DEBUG=1",
					"$(inherited)",
				);
				GCC_WARN_64_TO_32_BIT_CONVERSION = YES;
				GCC_WARN_ABOUT_RETURN_TYPE = YES_ERROR;
				GCC_WARN_UNDECLARED_SELECTOR = YES;
				GCC_WARN_UNINITIALIZED_AUTOS = YES_AGGRESSIVE;
				GCC_WARN_UNUSED_FUNCTION = YES;
				GCC_WARN_UNUSED_VARIABLE = YES;
				IPHONEOS_DEPLOYMENT_TARGET = 12.0;
				MTL_ENABLE_DEBUG_INFO = INCLUDE_SOURCE;
				MTL_FAST_MATH = YES;
				ONLY_ACTIVE_ARCH = YES;
				SDKROOT = iphoneos;
				SWIFT_ACTIVE_COMPILATION_CONDITIONS = DEBUG;
				SWIFT_OPTIMIZATION_LEVEL = "-Onone";
			};
			name = Debug;
		};
		0317DEC7214B5FA500E976E2 /* Release */ = {
			isa = XCBuildConfiguration;
			buildSettings = {
				ALWAYS_SEARCH_USER_PATHS = NO;
				CLANG_ANALYZER_NONNULL = YES;
				CLANG_ANALYZER_NUMBER_OBJECT_CONVERSION = YES_AGGRESSIVE;
				CLANG_CXX_LANGUAGE_STANDARD = "gnu++14";
				CLANG_CXX_LIBRARY = "libc++";
				CLANG_ENABLE_MODULES = YES;
				CLANG_ENABLE_OBJC_ARC = YES;
				CLANG_ENABLE_OBJC_WEAK = YES;
				CLANG_WARN_BLOCK_CAPTURE_AUTORELEASING = YES;
				CLANG_WARN_BOOL_CONVERSION = YES;
				CLANG_WARN_COMMA = YES;
				CLANG_WARN_CONSTANT_CONVERSION = YES;
				CLANG_WARN_DEPRECATED_OBJC_IMPLEMENTATIONS = YES;
				CLANG_WARN_DIRECT_OBJC_ISA_USAGE = YES_ERROR;
				CLANG_WARN_DOCUMENTATION_COMMENTS = YES;
				CLANG_WARN_EMPTY_BODY = YES;
				CLANG_WARN_ENUM_CONVERSION = YES;
				CLANG_WARN_INFINITE_RECURSION = YES;
				CLANG_WARN_INT_CONVERSION = YES;
				CLANG_WARN_NON_LITERAL_NULL_CONVERSION = YES;
				CLANG_WARN_OBJC_IMPLICIT_RETAIN_SELF = YES;
				CLANG_WARN_OBJC_LITERAL_CONVERSION = YES;
				CLANG_WARN_OBJC_ROOT_CLASS = YES_ERROR;
				CLANG_WARN_RANGE_LOOP_ANALYSIS = YES;
				CLANG_WARN_STRICT_PROTOTYPES = YES;
				CLANG_WARN_SUSPICIOUS_MOVE = YES;
				CLANG_WARN_UNGUARDED_AVAILABILITY = YES_AGGRESSIVE;
				CLANG_WARN_UNREACHABLE_CODE = YES;
				CLANG_WARN__DUPLICATE_METHOD_MATCH = YES;
				CODE_SIGN_IDENTITY = "iPhone Developer";
				COPY_PHASE_STRIP = NO;
				DEBUG_INFORMATION_FORMAT = "dwarf-with-dsym";
				ENABLE_NS_ASSERTIONS = NO;
				ENABLE_STRICT_OBJC_MSGSEND = YES;
				GCC_C_LANGUAGE_STANDARD = gnu11;
				GCC_NO_COMMON_BLOCKS = YES;
				GCC_WARN_64_TO_32_BIT_CONVERSION = YES;
				GCC_WARN_ABOUT_RETURN_TYPE = YES_ERROR;
				GCC_WARN_UNDECLARED_SELECTOR = YES;
				GCC_WARN_UNINITIALIZED_AUTOS = YES_AGGRESSIVE;
				GCC_WARN_UNUSED_FUNCTION = YES;
				GCC_WARN_UNUSED_VARIABLE = YES;
				IPHONEOS_DEPLOYMENT_TARGET = 12.0;
				MTL_ENABLE_DEBUG_INFO = NO;
				MTL_FAST_MATH = YES;
				SDKROOT = iphoneos;
				SWIFT_COMPILATION_MODE = wholemodule;
				SWIFT_OPTIMIZATION_LEVEL = "-O";
				VALIDATE_PRODUCT = YES;
			};
			name = Release;
		};
		0317DEC9214B5FA500E976E2 /* Debug */ = {
			isa = XCBuildConfiguration;
			buildSettings = {
				ASSETCATALOG_COMPILER_APPICON_NAME = AppIcon;
				CODE_SIGN_STYLE = Automatic;
				DEVELOPMENT_TEAM = C23HH9N57S;
				INFOPLIST_FILE = Ballz1/Info.plist;
				IPHONEOS_DEPLOYMENT_TARGET = 11.0;
				LD_RUNPATH_SEARCH_PATHS = (
					"$(inherited)",
					"@executable_path/Frameworks",
				);
				PRODUCT_BUNDLE_IDENTIFIER = Self.Ballz1;
				PRODUCT_NAME = "$(TARGET_NAME)";
				SWIFT_VERSION = 4.2;
				TARGETED_DEVICE_FAMILY = "1,2";
			};
			name = Debug;
		};
		0317DECA214B5FA500E976E2 /* Release */ = {
			isa = XCBuildConfiguration;
			buildSettings = {
				ASSETCATALOG_COMPILER_APPICON_NAME = AppIcon;
				CODE_SIGN_STYLE = Automatic;
				DEVELOPMENT_TEAM = C23HH9N57S;
				INFOPLIST_FILE = Ballz1/Info.plist;
				IPHONEOS_DEPLOYMENT_TARGET = 11.0;
				LD_RUNPATH_SEARCH_PATHS = (
					"$(inherited)",
					"@executable_path/Frameworks",
				);
				PRODUCT_BUNDLE_IDENTIFIER = Self.Ballz1;
				PRODUCT_NAME = "$(TARGET_NAME)";
				SWIFT_VERSION = 4.2;
				TARGETED_DEVICE_FAMILY = "1,2";
			};
			name = Release;
		};
		0317DECC214B5FA500E976E2 /* Debug */ = {
			isa = XCBuildConfiguration;
			buildSettings = {
				ALWAYS_EMBED_SWIFT_STANDARD_LIBRARIES = YES;
				BUNDLE_LOADER = "$(TEST_HOST)";
				CODE_SIGN_STYLE = Automatic;
				DEVELOPMENT_TEAM = C23HH9N57S;
				INFOPLIST_FILE = Ballz1Tests/Info.plist;
				LD_RUNPATH_SEARCH_PATHS = (
					"$(inherited)",
					"@executable_path/Frameworks",
					"@loader_path/Frameworks",
				);
				PRODUCT_BUNDLE_IDENTIFIER = Self.Ballz1Tests;
				PRODUCT_NAME = "$(TARGET_NAME)";
				SWIFT_VERSION = 4.2;
				TARGETED_DEVICE_FAMILY = "1,2";
				TEST_HOST = "$(BUILT_PRODUCTS_DIR)/Ballz1.app/Ballz1";
			};
			name = Debug;
		};
		0317DECD214B5FA500E976E2 /* Release */ = {
			isa = XCBuildConfiguration;
			buildSettings = {
				ALWAYS_EMBED_SWIFT_STANDARD_LIBRARIES = YES;
				BUNDLE_LOADER = "$(TEST_HOST)";
				CODE_SIGN_STYLE = Automatic;
				DEVELOPMENT_TEAM = C23HH9N57S;
				INFOPLIST_FILE = Ballz1Tests/Info.plist;
				LD_RUNPATH_SEARCH_PATHS = (
					"$(inherited)",
					"@executable_path/Frameworks",
					"@loader_path/Frameworks",
				);
				PRODUCT_BUNDLE_IDENTIFIER = Self.Ballz1Tests;
				PRODUCT_NAME = "$(TARGET_NAME)";
				SWIFT_VERSION = 4.2;
				TARGETED_DEVICE_FAMILY = "1,2";
				TEST_HOST = "$(BUILT_PRODUCTS_DIR)/Ballz1.app/Ballz1";
			};
			name = Release;
		};
		0317DECF214B5FA500E976E2 /* Debug */ = {
			isa = XCBuildConfiguration;
			buildSettings = {
				ALWAYS_EMBED_SWIFT_STANDARD_LIBRARIES = YES;
				CODE_SIGN_STYLE = Automatic;
				DEVELOPMENT_TEAM = C23HH9N57S;
				INFOPLIST_FILE = Ballz1UITests/Info.plist;
				LD_RUNPATH_SEARCH_PATHS = (
					"$(inherited)",
					"@executable_path/Frameworks",
					"@loader_path/Frameworks",
				);
				PRODUCT_BUNDLE_IDENTIFIER = Self.Ballz1UITests;
				PRODUCT_NAME = "$(TARGET_NAME)";
				SWIFT_VERSION = 4.2;
				TARGETED_DEVICE_FAMILY = "1,2";
				TEST_TARGET_NAME = Ballz1;
			};
			name = Debug;
		};
		0317DED0214B5FA500E976E2 /* Release */ = {
			isa = XCBuildConfiguration;
			buildSettings = {
				ALWAYS_EMBED_SWIFT_STANDARD_LIBRARIES = YES;
				CODE_SIGN_STYLE = Automatic;
				DEVELOPMENT_TEAM = C23HH9N57S;
				INFOPLIST_FILE = Ballz1UITests/Info.plist;
				LD_RUNPATH_SEARCH_PATHS = (
					"$(inherited)",
					"@executable_path/Frameworks",
					"@loader_path/Frameworks",
				);
				PRODUCT_BUNDLE_IDENTIFIER = Self.Ballz1UITests;
				PRODUCT_NAME = "$(TARGET_NAME)";
				SWIFT_VERSION = 4.2;
				TARGETED_DEVICE_FAMILY = "1,2";
				TEST_TARGET_NAME = Ballz1;
			};
			name = Release;
		};
/* End XCBuildConfiguration section */

/* Begin XCConfigurationList section */
		0317DE95214B5FA300E976E2 /* Build configuration list for PBXProject "Ballz1" */ = {
			isa = XCConfigurationList;
			buildConfigurations = (
				0317DEC6214B5FA500E976E2 /* Debug */,
				0317DEC7214B5FA500E976E2 /* Release */,
			);
			defaultConfigurationIsVisible = 0;
			defaultConfigurationName = Release;
		};
		0317DEC8214B5FA500E976E2 /* Build configuration list for PBXNativeTarget "Ballz1" */ = {
			isa = XCConfigurationList;
			buildConfigurations = (
				0317DEC9214B5FA500E976E2 /* Debug */,
				0317DECA214B5FA500E976E2 /* Release */,
			);
			defaultConfigurationIsVisible = 0;
			defaultConfigurationName = Release;
		};
		0317DECB214B5FA500E976E2 /* Build configuration list for PBXNativeTarget "Ballz1Tests" */ = {
			isa = XCConfigurationList;
			buildConfigurations = (
				0317DECC214B5FA500E976E2 /* Debug */,
				0317DECD214B5FA500E976E2 /* Release */,
			);
			defaultConfigurationIsVisible = 0;
			defaultConfigurationName = Release;
		};
		0317DECE214B5FA500E976E2 /* Build configuration list for PBXNativeTarget "Ballz1UITests" */ = {
			isa = XCConfigurationList;
			buildConfigurations = (
				0317DECF214B5FA500E976E2 /* Debug */,
				0317DED0214B5FA500E976E2 /* Release */,
			);
			defaultConfigurationIsVisible = 0;
			defaultConfigurationName = Release;
		};
/* End XCConfigurationList section */
	};
	rootObject = 0317DE92214B5FA300E976E2 /* Project object */;
}
